
Microsoft Visual Studio Solution File, Format Version 12.00
# Visual Studio Version 17
VisualStudioVersion = 17.14.36930.0 d17.14
MinimumVisualStudioVersion = 10.0.40219.1
Project("{FAE04EC0-301F-11D3-BF4B-00C04F79EFBC}") = "WinFormsApp3", "WinFormsApp3\WinFormsApp3.csproj", "{09ADBD49-7A72-44E9-B20B-C9D1CEE22D40}"
EndProject
Global
	GlobalSection(SolutionConfigurationPlatforms) = preSolution
		Debug|Any CPU = Debug|Any CPU
		Release|Any CPU = Release|Any CPU
	EndGlobalSection
	GlobalSection(ProjectConfigurationPlatforms) = postSolution
		{09ADBD49-7A72-44E9-B20B-C9D1CEE22D40}.Debug|Any CPU.ActiveCfg = Debug|Any CPU
		{09ADBD49-7A72-44E9-B20B-C9D1CEE22D40}.Debug|Any CPU.Build.0 = Debug|Any CPU
		{09ADBD49-7A72-44E9-B20B-C9D1CEE22D40}.Release|Any CPU.ActiveCfg = Release|Any CPU
		{09ADBD49-7A72-44E9-B20B-C9D1CEE22D40}.Release|Any CPU.Build.0 = Release|Any CPU
	EndGlobalSection
	GlobalSection(SolutionProperties) = preSolution
		HideSolutionNode = FALSE
	EndGlobalSection
	GlobalSection(ExtensibilityGlobals) = postSolution
		SolutionGuid = {5CD81984-B68A-4443-AD61-A8887DC68B32}
	EndGlobalSection
EndGlobal
