
Microsoft Visual Studio Solution File, Format Version 12.00
# Visual Studio Version 17
VisualStudioVersion = 17.14.36930.0 d17.14
MinimumVisualStudioVersion = 10.0.40219.1
Project("{FAE04EC0-301F-11D3-BF4B-00C04F79EFBC}") = "WinFormsApp4", "WinFormsApp4\WinFormsApp4.csproj", "{5B87D05C-C159-404F-8175-95282C16E6FD}"
EndProject
Global
	GlobalSection(SolutionConfigurationPlatforms) = preSolution
		Debug|Any CPU = Debug|Any CPU
		Release|Any CPU = Release|Any CPU
	EndGlobalSection
	GlobalSection(ProjectConfigurationPlatforms) = postSolution
		{5B87D05C-C159-404F-8175-95282C16E6FD}.Debug|Any CPU.ActiveCfg = Debug|Any CPU
		{5B87D05C-C159-404F-8175-95282C16E6FD}.Debug|Any CPU.Build.0 = Debug|Any CPU
		{5B87D05C-C159-404F-8175-95282C16E6FD}.Release|Any CPU.ActiveCfg = Release|Any CPU
		{5B87D05C-C159-404F-8175-95282C16E6FD}.Release|Any CPU.Build.0 = Release|Any CPU
	EndGlobalSection
	GlobalSection(SolutionProperties) = preSolution
		HideSolutionNode = FALSE
	EndGlobalSection
	GlobalSection(ExtensibilityGlobals) = postSolution
		SolutionGuid = {E8ACF474-CDE0-43CD-92D6-F9EE9C66F1E4}
	EndGlobalSection
EndGlobal
